{
  "name": "SmarToneHack",
  "version": "0.0.1",
  "lockfileVersion": 1,
  "requires": true,
  "dependencies": {
    "react-native-maps": {
      "version": "git+https://git@github.com/react-native-community/react-native-maps.git#7d200a308985ff800aacc20239be5299519e53b1",
      "from": "git+https://git@github.com/react-native-community/react-native-maps.git"
    },
    "yarn": {
      "version": "1.19.1",
      "resolved": "https://registry.npmjs.org/yarn/-/yarn-1.19.1.tgz",
      "integrity": "sha512-gBnfbL9rYY05Gt0cjJhs/siqQXHYlZalTjK3nXn2QO20xbkIFPob+LlH44ML47GcR4VU9/2dYck1BWFM0Javxw=="
    }
  }
}
